// !$*UTF8*$!
{
	archiveVersion = 1;
	classes = {
	};
	objectVersion = 55;
	objects = {

/* Begin PBXBuildFile section */
		A9A1E02E27EE1F89004F169D /* AppDelegate.swift in Sources */ = {isa = PBXBuildFile; fileRef = A9A1E02D27EE1F89004F169D /* AppDelegate.swift */; };
		A9A1E03027EE1F89004F169D /* SceneDelegate.swift in Sources */ = {isa = PBXBuildFile; fileRef = A9A1E02F27EE1F89004F169D /* SceneDelegate.swift */; };
		A9A1E03227EE1F89004F169D /* RootViewController.swift in Sources */ = {isa = PBXBuildFile; fileRef = A9A1E03127EE1F89004F169D /* RootViewController.swift */; };
		A9A1E03727EE1F8B004F169D /* Assets.xcassets in Resources */ = {isa = PBXBuildFile; fileRef = A9A1E03627EE1F8B004F169D /* Assets.xcassets */; };
		A9A1E03A27EE1F8B004F169D /* LaunchScreen.storyboard in Resources */ = {isa = PBXBuildFile; fileRef = A9A1E03827EE1F8B004F169D /* LaunchScreen.storyboard */; };
		A9A1E04227EE2C1F004F169D /* MovieViewModel.swift in Sources */ = {isa = PBXBuildFile; fileRef = A9A1E04127EE2C1F004F169D /* MovieViewModel.swift */; };
		A9A1E04427EE2C2A004F169D /* MovieModel.swift in Sources */ = {isa = PBXBuildFile; fileRef = A9A1E04327EE2C2A004F169D /* MovieModel.swift */; };
		D34F1E9F27F576BD00A6AC48 /* CustomTableViewCell.swift in Sources */ = {isa = PBXBuildFile; fileRef = D34F1E9E27F576BD00A6AC48 /* CustomTableViewCell.swift */; };
		D34F1EA127F582DF00A6AC48 /* Controller.swift in Sources */ = {isa = PBXBuildFile; fileRef = D34F1EA027F582DF00A6AC48 /* Controller.swift */; };
		D34F1EA527F58D4D00A6AC48 /* ViewController.swift in Sources */ = {isa = PBXBuildFile; fileRef = D34F1EA427F58D4D00A6AC48 /* ViewController.swift */; };
		D34F1EA727F58DDF00A6AC48 /* CustomNewTableViewCell.swift in Sources */ = {isa = PBXBuildFile; fileRef = D34F1EA627F58DDF00A6AC48 /* CustomNewTableViewCell.swift */; };
/* End PBXBuildFile section */

/* Begin PBXFileReference section */
		A9A1E02A27EE1F89004F169D /* FoxboxTest.app */ = {isa = PBXFileReference; explicitFileType = wrapper.application; includeInIndex = 0; path = FoxboxTest.app; sourceTree = BUILT_PRODUCTS_DIR; };
		A9A1E02D27EE1F89004F169D /* AppDelegate.swift */ = {isa = PBXFileReference; lastKnownFileType = sourcecode.swift; path = AppDelegate.swift; sourceTree = "<group>"; };
		A9A1E02F27EE1F89004F169D /* SceneDelegate.swift */ = {isa = PBXFileReference; lastKnownFileType = sourcecode.swift; path = SceneDelegate.swift; sourceTree = "<group>"; };
		A9A1E03127EE1F89004F169D /* RootViewController.swift */ = {isa = PBXFileReference; lastKnownFileType = sourcecode.swift; path = RootViewController.swift; sourceTree = "<group>"; };
		A9A1E03627EE1F8B004F169D /* Assets.xcassets */ = {isa = PBXFileReference; lastKnownFileType = folder.assetcatalog; path = Assets.xcassets; sourceTree = "<group>"; };
		A9A1E03927EE1F8B004F169D /* Base */ = {isa = PBXFileReference; lastKnownFileType = file.storyboard; name = Base; path = Base.lproj/LaunchScreen.storyboard; sourceTree = "<group>"; };
		A9A1E03B27EE1F8B004F169D /* Info.plist */ = {isa = PBXFileReference; lastKnownFileType = text.plist.xml; path = Info.plist; sourceTree = "<group>"; };
		A9A1E04127EE2C1F004F169D /* MovieViewModel.swift */ = {isa = PBXFileReference; lastKnownFileType = sourcecode.swift; path = MovieViewModel.swift; sourceTree = "<group>"; };
		A9A1E04327EE2C2A004F169D /* MovieModel.swift */ = {isa = PBXFileReference; lastKnownFileType = sourcecode.swift; path = MovieModel.swift; sourceTree = "<group>"; };
		A9A1E04727EE2D86004F169D /* INSTRUCTIONS.md */ = {isa = PBXFileReference; lastKnownFileType = net.daringfireball.markdown; path = INSTRUCTIONS.md; sourceTree = "<group>"; };
		D34F1E9E27F576BD00A6AC48 /* CustomTableViewCell.swift */ = {isa = PBXFileReference; lastKnownFileType = sourcecode.swift; name = CustomTableViewCell.swift; path = ../../../CustomTableViewCell.swift; sourceTree = "<group>"; };
		D34F1EA027F582DF00A6AC48 /* Controller.swift */ = {isa = PBXFileReference; lastKnownFileType = sourcecode.swift; path = Controller.swift; sourceTree = "<group>"; };
		D34F1EA427F58D4D00A6AC48 /* ViewController.swift */ = {isa = PBXFileReference; lastKnownFileType = sourcecode.swift; path = ViewController.swift; sourceTree = "<group>"; };
		D34F1EA627F58DDF00A6AC48 /* CustomNewTableViewCell.swift */ = {isa = PBXFileReference; lastKnownFileType = sourcecode.swift; path = CustomNewTableViewCell.swift; sourceTree = "<group>"; };
		D34F1EA927F58EEB00A6AC48 /* Storyboard.storyboard */ = {isa = PBXFileReference; lastKnownFileType = file.storyboard; path = Storyboard.storyboard; sourceTree = "<group>"; };
/* End PBXFileReference section */

/* Begin PBXFrameworksBuildPhase section */
		A9A1E02727EE1F89004F169D /* Frameworks */ = {
			isa = PBXFrameworksBuildPhase;
			buildActionMask = 2147483647;
			files = (
			);
			runOnlyForDeploymentPostprocessing = 0;
		};
/* End PBXFrameworksBuildPhase section */

/* Begin PBXGroup section */
		A9A1E02127EE1F89004F169D = {
			isa = PBXGroup;
			children = (
				A9A1E04727EE2D86004F169D /* INSTRUCTIONS.md */,
				A9A1E02C27EE1F89004F169D /* FoxboxTest */,
				A9A1E02B27EE1F89004F169D /* Products */,
			);
			sourceTree = "<group>";
		};
		A9A1E02B27EE1F89004F169D /* Products */ = {
			isa = PBXGroup;
			children = (
				A9A1E02A27EE1F89004F169D /* FoxboxTest.app */,
			);
			name = Products;
			sourceTree = "<group>";
		};
		A9A1E02C27EE1F89004F169D /* FoxboxTest */ = {
			isa = PBXGroup;
			children = (
				A9A1E02D27EE1F89004F169D /* AppDelegate.swift */,
				A9A1E02F27EE1F89004F169D /* SceneDelegate.swift */,
				A9A1E03127EE1F89004F169D /* RootViewController.swift */,
				D34F1EA827F58EEB00A6AC48 /* SecondTableView */,
				D34F1EA027F582DF00A6AC48 /* Controller.swift */,
				D34F1E9E27F576BD00A6AC48 /* CustomTableViewCell.swift */,
				A9A1E04127EE2C1F004F169D /* MovieViewModel.swift */,
				A9A1E04327EE2C2A004F169D /* MovieModel.swift */,
				A9A1E03627EE1F8B004F169D /* Assets.xcassets */,
				A9A1E03827EE1F8B004F169D /* LaunchScreen.storyboard */,
				A9A1E03B27EE1F8B004F169D /* Info.plist */,
			);
			path = FoxboxTest;
			sourceTree = "<group>";
		};
		D34F1EA827F58EEB00A6AC48 /* SecondTableView */ = {
			isa = PBXGroup;
			children = (
				D34F1EA927F58EEB00A6AC48 /* Storyboard.storyboard */,
				D34F1EA427F58D4D00A6AC48 /* ViewController.swift */,
				D34F1EA627F58DDF00A6AC48 /* CustomNewTableViewCell.swift */,
			);
			path = SecondTableView;
			sourceTree = "<group>";
		};
/* End PBXGroup section */

/* Begin PBXNativeTarget section */
		A9A1E02927EE1F89004F169D /* FoxboxTest */ = {
			isa = PBXNativeTarget;
			buildConfigurationList = A9A1E03E27EE1F8B004F169D /* Build configuration list for PBXNativeTarget "FoxboxTest" */;
			buildPhases = (
				A9A1E02627EE1F89004F169D /* Sources */,
				A9A1E02727EE1F89004F169D /* Frameworks */,
				A9A1E02827EE1F89004F169D /* Resources */,
			);
			buildRules = (
			);
			dependencies = (
			);
			name = FoxboxTest;
			productName = FoxboxTest;
			productReference = A9A1E02A27EE1F89004F169D /* FoxboxTest.app */;
			productType = "com.apple.product-type.application";
		};
/* End PBXNativeTarget section */

/* Begin PBXProject section */
		A9A1E02227EE1F89004F169D /* Project object */ = {
			isa = PBXProject;
			attributes = {
				BuildIndependentTargetsInParallel = 1;
				LastSwiftUpdateCheck = 1320;
				LastUpgradeCheck = 1320;
				TargetAttributes = {
					A9A1E02927EE1F89004F169D = {
						CreatedOnToolsVersion = 13.2.1;
					};
				};
			};
			buildConfigurationList = A9A1E02527EE1F89004F169D /* Build configuration list for PBXProject "FoxboxTest" */;
			compatibilityVersion = "Xcode 13.0";
			developmentRegion = en;
			hasScannedForEncodings = 0;
			knownRegions = (
				en,
				Base,
			);
			mainGroup = A9A1E02127EE1F89004F169D;
			productRefGroup = A9A1E02B27EE1F89004F169D /* Products */;
			projectDirPath = "";
			projectRoot = "";
			targets = (
				A9A1E02927EE1F89004F169D /* FoxboxTest */,
			);
		};
/* End PBXProject section */

/* Begin PBXResourcesBuildPhase section */
		A9A1E02827EE1F89004F169D /* Resources */ = {
			isa = PBXResourcesBuildPhase;
			buildActionMask = 2147483647;
			files = (
				A9A1E03A27EE1F8B004F169D /* LaunchScreen.storyboard in Resources */,
				A9A1E03727EE1F8B004F169D /* Assets.xcassets in Resources */,
			);
			runOnlyForDeploymentPostprocessing = 0;
		};
/* End PBXResourcesBuildPhase section */

/* Begin PBXSourcesBuildPhase section */
		A9A1E02627EE1F89004F169D /* Sources */ = {
			isa = PBXSourcesBuildPhase;
			buildActionMask = 2147483647;
			files = (
				D34F1E9F27F576BD00A6AC48 /* CustomTableViewCell.swift in Sources */,
				A9A1E03227EE1F89004F169D /* RootViewController.swift in Sources */,
				A9A1E02E27EE1F89004F169D /* AppDelegate.swift in Sources */,
				A9A1E04427EE2C2A004F169D /* MovieModel.swift in Sources */,
				A9A1E03027EE1F89004F169D /* SceneDelegate.swift in Sources */,
				A9A1E04227EE2C1F004F169D /* MovieViewModel.swift in Sources */,
				D34F1EA727F58DDF00A6AC48 /* CustomNewTableViewCell.swift in Sources */,
				D34F1EA527F58D4D00A6AC48 /* ViewController.swift in Sources */,
				D34F1EA127F582DF00A6AC48 /* Controller.swift in Sources */,
			);
			runOnlyForDeploymentPostprocessing = 0;
		};
/* End PBXSourcesBuildPhase section */

/* Begin PBXVariantGroup section */
		A9A1E03827EE1F8B004F169D /* LaunchScreen.storyboard */ = {
			isa = PBXVariantGroup;
			children = (
				A9A1E03927EE1F8B004F169D /* Base */,
			);
			name = LaunchScreen.storyboard;
			sourceTree = "<group>";
		};
/* End PBXVariantGroup section */

/* Begin XCBuildConfiguration section */
		A9A1E03C27EE1F8B004F169D /* Debug */ = {
			isa = XCBuildConfiguration;
			buildSettings = {
				ALWAYS_SEARCH_USER_PATHS = NO;
				CLANG_ANALYZER_NONNULL = YES;
				CLANG_ANALYZER_NUMBER_OBJECT_CONVERSION = YES_AGGRESSIVE;
				CLANG_CXX_LANGUAGE_STANDARD = "gnu++17";
				CLANG_CXX_LIBRARY = "libc++";
				CLANG_ENABLE_MODULES = YES;
				CLANG_ENABLE_OBJC_ARC = YES;
				CLANG_ENABLE_OBJC_WEAK = YES;
				CLANG_WARN_BLOCK_CAPTURE_AUTORELEASING = YES;
				CLANG_WARN_BOOL_CONVERSION = YES;
				CLANG_WARN_COMMA = YES;
				CLANG_WARN_CONSTANT_CONVERSION = YES;
				CLANG_WARN_DEPRECATED_OBJC_IMPLEMENTATIONS = YES;
				CLANG_WARN_DIRECT_OBJC_ISA_USAGE = YES_ERROR;
				CLANG_WARN_DOCUMENTATION_COMMENTS = YES;
				CLANG_WARN_EMPTY_BODY = YES;
				CLANG_WARN_ENUM_CONVERSION = YES;
				CLANG_WARN_INFINITE_RECURSION = YES;
				CLANG_WARN_INT_CONVERSION = YES;
				CLANG_WARN_NON_LITERAL_NULL_CONVERSION = YES;
				CLANG_WARN_OBJC_IMPLICIT_RETAIN_SELF = YES;
				CLANG_WARN_OBJC_LITERAL_CONVERSION = YES;
				CLANG_WARN_OBJC_ROOT_CLASS = YES_ERROR;
				CLANG_WARN_QUOTED_INCLUDE_IN_FRAMEWORK_HEADER = YES;
				CLANG_WARN_RANGE_LOOP_ANALYSIS = YES;
				CLANG_WARN_STRICT_PROTOTYPES = YES;
				CLANG_WARN_SUSPICIOUS_MOVE = YES;
				CLANG_WARN_UNGUARDED_AVAILABILITY = YES_AGGRESSIVE;
				CLANG_WARN_UNREACHABLE_CODE = YES;
				CLANG_WARN__DUPLICATE_METHOD_MATCH = YES;
				COPY_PHASE_STRIP = NO;
				DEBUG_INFORMATION_FORMAT = dwarf;
				ENABLE_STRICT_OBJC_MSGSEND = YES;
				ENABLE_TESTABILITY = YES;
				GCC_C_LANGUAGE_STANDARD = gnu11;
				GCC_DYNAMIC_NO_PIC = NO;
				GCC_NO_COMMON_BLOCKS = YES;
				GCC_OPTIMIZATION_LEVEL = 0;
				GCC_PREPROCESSOR_DEFINITIONS = (
					"DEBUG=1",
					"$(inherited)",
				);
				GCC_WARN_64_TO_32_BIT_CONVERSION = YES;
				GCC_WARN_ABOUT_RETURN_TYPE = YES_ERROR;
				GCC_WARN_UNDECLARED_SELECTOR = YES;
				GCC_WARN_UNINITIALIZED_AUTOS = YES_AGGRESSIVE;
				GCC_WARN_UNUSED_FUNCTION = YES;
				GCC_WARN_UNUSED_VARIABLE = YES;
				IPHONEOS_DEPLOYMENT_TARGET = 15.2;
				MTL_ENABLE_DEBUG_INFO = INCLUDE_SOURCE;
				MTL_FAST_MATH = YES;
				ONLY_ACTIVE_ARCH = YES;
				SDKROOT = iphoneos;
				SWIFT_ACTIVE_COMPILATION_CONDITIONS = DEBUG;
				SWIFT_OPTIMIZATION_LEVEL = "-Onone";
			};
			name = Debug;
		};
		A9A1E03D27EE1F8B004F169D /* Release */ = {
			isa = XCBuildConfiguration;
			buildSettings = {
				ALWAYS_SEARCH_USER_PATHS = NO;
				CLANG_ANALYZER_NONNULL = YES;
				CLANG_ANALYZER_NUMBER_OBJECT_CONVERSION = YES_AGGRESSIVE;
				CLANG_CXX_LANGUAGE_STANDARD = "gnu++17";
				CLANG_CXX_LIBRARY = "libc++";
				CLANG_ENABLE_MODULES = YES;
				CLANG_ENABLE_OBJC_ARC = YES;
				CLANG_ENABLE_OBJC_WEAK = YES;
				CLANG_WARN_BLOCK_CAPTURE_AUTORELEASING = YES;
				CLANG_WARN_BOOL_CONVERSION = YES;
				CLANG_WARN_COMMA = YES;
				CLANG_WARN_CONSTANT_CONVERSION = YES;
				CLANG_WARN_DEPRECATED_OBJC_IMPLEMENTATIONS = YES;
				CLANG_WARN_DIRECT_OBJC_ISA_USAGE = YES_ERROR;
				CLANG_WARN_DOCUMENTATION_COMMENTS = YES;
				CLANG_WARN_EMPTY_BODY = YES;
				CLANG_WARN_ENUM_CONVERSION = YES;
				CLANG_WARN_INFINITE_RECURSION = YES;
				CLANG_WARN_INT_CONVERSION = YES;
				CLANG_WARN_NON_LITERAL_NULL_CONVERSION = YES;
				CLANG_WARN_OBJC_IMPLICIT_RETAIN_SELF = YES;
				CLANG_WARN_OBJC_LITERAL_CONVERSION = YES;
				CLANG_WARN_OBJC_ROOT_CLASS = YES_ERROR;
				CLANG_WARN_QUOTED_INCLUDE_IN_FRAMEWORK_HEADER = YES;
				CLANG_WARN_RANGE_LOOP_ANALYSIS = YES;
				CLANG_WARN_STRICT_PROTOTYPES = YES;
				CLANG_WARN_SUSPICIOUS_MOVE = YES;
				CLANG_WARN_UNGUARDED_AVAILABILITY = YES_AGGRESSIVE;
				CLANG_WARN_UNREACHABLE_CODE = YES;
				CLANG_WARN__DUPLICATE_METHOD_MATCH = YES;
				COPY_PHASE_STRIP = NO;
				DEBUG_INFORMATION_FORMAT = "dwarf-with-dsym";
				ENABLE_NS_ASSERTIONS = NO;
				ENABLE_STRICT_OBJC_MSGSEND = YES;
				GCC_C_LANGUAGE_STANDARD = gnu11;
				GCC_NO_COMMON_BLOCKS = YES;
				GCC_WARN_64_TO_32_BIT_CONVERSION = YES;
				GCC_WARN_ABOUT_RETURN_TYPE = YES_ERROR;
				GCC_WARN_UNDECLARED_SELECTOR = YES;
				GCC_WARN_UNINITIALIZED_AUTOS = YES_AGGRESSIVE;
				GCC_WARN_UNUSED_FUNCTION = YES;
				GCC_WARN_UNUSED_VARIABLE = YES;
				IPHONEOS_DEPLOYMENT_TARGET = 15.2;
				MTL_ENABLE_DEBUG_INFO = NO;
				MTL_FAST_MATH = YES;
				SDKROOT = iphoneos;
				SWIFT_COMPILATION_MODE = wholemodule;
				SWIFT_OPTIMIZATION_LEVEL = "-O";
				VALIDATE_PRODUCT = YES;
			};
			name = Release;
		};
		A9A1E03F27EE1F8B004F169D /* Debug */ = {
			isa = XCBuildConfiguration;
			buildSettings = {
				ASSETCATALOG_COMPILER_APPICON_NAME = AppIcon;
				ASSETCATALOG_COMPILER_GLOBAL_ACCENT_COLOR_NAME = AccentColor;
				CODE_SIGN_STYLE = Automatic;
				CURRENT_PROJECT_VERSION = 1;
				DEVELOPMENT_TEAM = ZWRRQJS5TA;
				GENERATE_INFOPLIST_FILE = YES;
				INFOPLIST_FILE = FoxboxTest/Info.plist;
				INFOPLIST_KEY_UIApplicationSupportsIndirectInputEvents = YES;
				INFOPLIST_KEY_UILaunchStoryboardName = LaunchScreen;
				INFOPLIST_KEY_UISupportedInterfaceOrientations_iPad = "UIInterfaceOrientationPortrait UIInterfaceOrientationPortraitUpsideDown UIInterfaceOrientationLandscapeLeft UIInterfaceOrientationLandscapeRight";
				INFOPLIST_KEY_UISupportedInterfaceOrientations_iPhone = "UIInterfaceOrientationPortrait UIInterfaceOrientationLandscapeLeft UIInterfaceOrientationLandscapeRight";
				LD_RUNPATH_SEARCH_PATHS = (
					"$(inherited)",
					"@executable_path/Frameworks",
				);
				MARKETING_VERSION = 1.0;
				PRODUCT_BUNDLE_IDENTIFIER = foxbox.FoxboxTest;
				PRODUCT_NAME = "$(TARGET_NAME)";
				SWIFT_EMIT_LOC_STRINGS = YES;
				SWIFT_VERSION = 5.0;
				TARGETED_DEVICE_FAMILY = "1,2";
			};
			name = Debug;
		};
		A9A1E04027EE1F8B004F169D /* Release */ = {
			isa = XCBuildConfiguration;
			buildSettings = {
				ASSETCATALOG_COMPILER_APPICON_NAME = AppIcon;
				ASSETCATALOG_COMPILER_GLOBAL_ACCENT_COLOR_NAME = AccentColor;
				CODE_SIGN_STYLE = Automatic;
				CURRENT_PROJECT_VERSION = 1;
				DEVELOPMENT_TEAM = ZWRRQJS5TA;
				GENERATE_INFOPLIST_FILE = YES;
				INFOPLIST_FILE = FoxboxTest/Info.plist;
				INFOPLIST_KEY_UIApplicationSupportsIndirectInputEvents = YES;
				INFOPLIST_KEY_UILaunchStoryboardName = LaunchScreen;
				INFOPLIST_KEY_UISupportedInterfaceOrientations_iPad = "UIInterfaceOrientationPortrait UIInterfaceOrientationPortraitUpsideDown UIInterfaceOrientationLandscapeLeft UIInterfaceOrientationLandscapeRight";
				INFOPLIST_KEY_UISupportedInterfaceOrientations_iPhone = "UIInterfaceOrientationPortrait UIInterfaceOrientationLandscapeLeft UIInterfaceOrientationLandscapeRight";
				LD_RUNPATH_SEARCH_PATHS = (
					"$(inherited)",
					"@executable_path/Frameworks",
				);
				MARKETING_VERSION = 1.0;
				PRODUCT_BUNDLE_IDENTIFIER = foxbox.FoxboxTest;
				PRODUCT_NAME = "$(TARGET_NAME)";
				SWIFT_EMIT_LOC_STRINGS = YES;
				SWIFT_VERSION = 5.0;
				TARGETED_DEVICE_FAMILY = "1,2";
			};
			name = Release;
		};
/* End XCBuildConfiguration section */

/* Begin XCConfigurationList section */
		A9A1E02527EE1F89004F169D /* Build configuration list for PBXProject "FoxboxTest" */ = {
			isa = XCConfigurationList;
			buildConfigurations = (
				A9A1E03C27EE1F8B004F169D /* Debug */,
				A9A1E03D27EE1F8B004F169D /* Release */,
			);
			defaultConfigurationIsVisible = 0;
			defaultConfigurationName = Release;
		};
		A9A1E03E27EE1F8B004F169D /* Build configuration list for PBXNativeTarget "FoxboxTest" */ = {
			isa = XCConfigurationList;
			buildConfigurations = (
				A9A1E03F27EE1F8B004F169D /* Debug */,
				A9A1E04027EE1F8B004F169D /* Release */,
			);
			defaultConfigurationIsVisible = 0;
			defaultConfigurationName = Release;
		};
/* End XCConfigurationList section */
	};
	rootObject = A9A1E02227EE1F89004F169D /* Project object */;
}
